
Microsoft Visual Studio Solution File, Format Version 12.00
# Visual Studio 15
VisualStudioVersion = 15.0.27703.2026
MinimumVisualStudioVersion = 10.0.40219.1
Project("{FAE04EC0-301F-11D3-BF4B-00C04F79EFBC}") = "viTyping", "viTyping\viTyping.csproj", "{FBBE4AE4-A2B1-47D8-92C4-4443D10FF0AA}"
EndProject
Project("{FAE04EC0-301F-11D3-BF4B-00C04F79EFBC}") = "WordTest", "WordTest\WordTest.csproj", "{8CC09E01-37E6-43FA-9D30-DDB40C57E5B9}"
EndProject
Project("{FAE04EC0-301F-11D3-BF4B-00C04F79EFBC}") = "ProfileLibrary", "ProfileLibrary\ProfileLibrary.csproj", "{7EBF1075-44D2-4B81-BF6B-BD82004C7E61}"
EndProject
Global
	GlobalSection(SolutionConfigurationPlatforms) = preSolution
		Debug|Any CPU = Debug|Any CPU
		Debug|x86 = Debug|x86
		Release|Any CPU = Release|Any CPU
		Release|x86 = Release|x86
	EndGlobalSection
	GlobalSection(ProjectConfigurationPlatforms) = postSolution
		{FBBE4AE4-A2B1-47D8-92C4-4443D10FF0AA}.Debug|Any CPU.ActiveCfg = Debug|Any CPU
		{FBBE4AE4-A2B1-47D8-92C4-4443D10FF0AA}.Debug|Any CPU.Build.0 = Debug|Any CPU
		{FBBE4AE4-A2B1-47D8-92C4-4443D10FF0AA}.Debug|x86.ActiveCfg = Debug|x86
		{FBBE4AE4-A2B1-47D8-92C4-4443D10FF0AA}.Debug|x86.Build.0 = Debug|x86
		{FBBE4AE4-A2B1-47D8-92C4-4443D10FF0AA}.Release|Any CPU.ActiveCfg = Release|Any CPU
		{FBBE4AE4-A2B1-47D8-92C4-4443D10FF0AA}.Release|Any CPU.Build.0 = Release|Any CPU
		{FBBE4AE4-A2B1-47D8-92C4-4443D10FF0AA}.Release|x86.ActiveCfg = Release|x86
		{FBBE4AE4-A2B1-47D8-92C4-4443D10FF0AA}.Release|x86.Build.0 = Release|x86
		{8CC09E01-37E6-43FA-9D30-DDB40C57E5B9}.Debug|Any CPU.ActiveCfg = Debug|Any CPU
		{8CC09E01-37E6-43FA-9D30-DDB40C57E5B9}.Debug|Any CPU.Build.0 = Debug|Any CPU
		{8CC09E01-37E6-43FA-9D30-DDB40C57E5B9}.Debug|x86.ActiveCfg = Debug|x86
		{8CC09E01-37E6-43FA-9D30-DDB40C57E5B9}.Debug|x86.Build.0 = Debug|x86
		{8CC09E01-37E6-43FA-9D30-DDB40C57E5B9}.Release|Any CPU.ActiveCfg = Release|Any CPU
		{8CC09E01-37E6-43FA-9D30-DDB40C57E5B9}.Release|Any CPU.Build.0 = Release|Any CPU
		{8CC09E01-37E6-43FA-9D30-DDB40C57E5B9}.Release|x86.ActiveCfg = Release|x86
		{8CC09E01-37E6-43FA-9D30-DDB40C57E5B9}.Release|x86.Build.0 = Release|x86
		{7EBF1075-44D2-4B81-BF6B-BD82004C7E61}.Debug|Any CPU.ActiveCfg = Debug|Any CPU
		{7EBF1075-44D2-4B81-BF6B-BD82004C7E61}.Debug|Any CPU.Build.0 = Debug|Any CPU
		{7EBF1075-44D2-4B81-BF6B-BD82004C7E61}.Debug|x86.ActiveCfg = Debug|Any CPU
		{7EBF1075-44D2-4B81-BF6B-BD82004C7E61}.Debug|x86.Build.0 = Debug|Any CPU
		{7EBF1075-44D2-4B81-BF6B-BD82004C7E61}.Release|Any CPU.ActiveCfg = Release|Any CPU
		{7EBF1075-44D2-4B81-BF6B-BD82004C7E61}.Release|Any CPU.Build.0 = Release|Any CPU
		{7EBF1075-44D2-4B81-BF6B-BD82004C7E61}.Release|x86.ActiveCfg = Release|Any CPU
		{7EBF1075-44D2-4B81-BF6B-BD82004C7E61}.Release|x86.Build.0 = Release|Any CPU
	EndGlobalSection
	GlobalSection(SolutionProperties) = preSolution
		HideSolutionNode = FALSE
	EndGlobalSection
	GlobalSection(ExtensibilityGlobals) = postSolution
		SolutionGuid = {096B859F-73C7-4919-B094-A1B622CD7948}
	EndGlobalSection
EndGlobal
